using System;
using System.Collections.Generic;
using System.Linq;
using System.Text;
using System.Threading.Tasks;

namespace lab2
{
    class Program
    {
        static void Main(string[] args)
        {
            double A = 993.285;
            int I = 1989;
            double C = -380.08;
            bool L = true;
            string N = "Korotich";

            System.Console.WriteLine("Результати форматування \n A = {2,6:f3}, I = {0,4}, C = {1,7:f2}", I, C, A);
            System.Console.WriteLine("L = {1, 4}, N = {0, 8}", N, L);
            System.Console.WriteLine(" ");
            System.Console.WriteLine("Для виходу натисніть Enter");
            System.Console.ReadLine();



        }
    }
}
